
Microsoft Visual Studio Solution File, Format Version 12.00
# Visual Studio Version 17
VisualStudioVersion = 17.8.34309.116
MinimumVisualStudioVersion = 10.0.40219.1
Project("{FAE04EC0-301F-11D3-BF4B-00C04F79EFBC}") = "M2L", "M2L\M2L.csproj", "{DACDCA43-5DD1-430E-A815-418D8039D769}"
EndProject
Global
	GlobalSection(SolutionConfigurationPlatforms) = preSolution
		Debug|Any CPU = Debug|Any CPU
		Release|Any CPU = Release|Any CPU
	EndGlobalSection
	GlobalSection(ProjectConfigurationPlatforms) = postSolution
		{DACDCA43-5DD1-430E-A815-418D8039D769}.Debug|Any CPU.ActiveCfg = Debug|Any CPU
		{DACDCA43-5DD1-430E-A815-418D8039D769}.Debug|Any CPU.Build.0 = Debug|Any CPU
		{DACDCA43-5DD1-430E-A815-418D8039D769}.Release|Any CPU.ActiveCfg = Release|Any CPU
		{DACDCA43-5DD1-430E-A815-418D8039D769}.Release|Any CPU.Build.0 = Release|Any CPU
	EndGlobalSection
	GlobalSection(SolutionProperties) = preSolution
		HideSolutionNode = FALSE
	EndGlobalSection
	GlobalSection(ExtensibilityGlobals) = postSolution
		SolutionGuid = {D8686928-D730-483B-9C88-291DE1F1A9C8}
	EndGlobalSection
EndGlobal
